
Microsoft Visual Studio Solution File, Format Version 12.00
# Visual Studio Version 16
VisualStudioVersion = 16.0.28822.285
MinimumVisualStudioVersion = 10.0.40219.1
Project("{FAE04EC0-301F-11D3-BF4B-00C04F79EFBC}") = "COMP2614Lab02", "COMP2614Lab02\COMP2614Lab02.csproj", "{BA348C2A-48FE-49A9-A6E1-E2053555B98C}"
EndProject
Global
	GlobalSection(SolutionConfigurationPlatforms) = preSolution
		Debug|Any CPU = Debug|Any CPU
		Release|Any CPU = Release|Any CPU
	EndGlobalSection
	GlobalSection(ProjectConfigurationPlatforms) = postSolution
		{BA348C2A-48FE-49A9-A6E1-E2053555B98C}.Debug|Any CPU.ActiveCfg = Debug|Any CPU
		{BA348C2A-48FE-49A9-A6E1-E2053555B98C}.Debug|Any CPU.Build.0 = Debug|Any CPU
		{BA348C2A-48FE-49A9-A6E1-E2053555B98C}.Release|Any CPU.ActiveCfg = Release|Any CPU
		{BA348C2A-48FE-49A9-A6E1-E2053555B98C}.Release|Any CPU.Build.0 = Release|Any CPU
	EndGlobalSection
	GlobalSection(SolutionProperties) = preSolution
		HideSolutionNode = FALSE
	EndGlobalSection
	GlobalSection(ExtensibilityGlobals) = postSolution
		SolutionGuid = {D746BE7E-7BBF-4DBC-876C-886C80F397D5}
	EndGlobalSection
EndGlobal
